
Microsoft Visual Studio Solution File, Format Version 12.00
# Visual Studio Version 16
VisualStudioVersion = 16.0.30621.155
MinimumVisualStudioVersion = 10.0.40219.1
Project("{FAE04EC0-301F-11D3-BF4B-00C04F79EFBC}") = "DemoGitWebApplication", "DemoGitWebApplication\DemoGitWebApplication.csproj", "{932F64C8-0FB4-4E2E-9BE1-37CA9D5279B5}"
EndProject
Global
	GlobalSection(SolutionConfigurationPlatforms) = preSolution
		Debug|Any CPU = Debug|Any CPU
		Release|Any CPU = Release|Any CPU
	EndGlobalSection
	GlobalSection(ProjectConfigurationPlatforms) = postSolution
		{932F64C8-0FB4-4E2E-9BE1-37CA9D5279B5}.Debug|Any CPU.ActiveCfg = Debug|Any CPU
		{932F64C8-0FB4-4E2E-9BE1-37CA9D5279B5}.Debug|Any CPU.Build.0 = Debug|Any CPU
		{932F64C8-0FB4-4E2E-9BE1-37CA9D5279B5}.Release|Any CPU.ActiveCfg = Release|Any CPU
		{932F64C8-0FB4-4E2E-9BE1-37CA9D5279B5}.Release|Any CPU.Build.0 = Release|Any CPU
	EndGlobalSection
	GlobalSection(SolutionProperties) = preSolution
		HideSolutionNode = FALSE
	EndGlobalSection
	GlobalSection(ExtensibilityGlobals) = postSolution
		SolutionGuid = {ACC1B181-B50B-4C57-AA72-76613EAFB3E6}
	EndGlobalSection
EndGlobal
